
Microsoft Visual Studio Solution File, Format Version 12.00
# Visual Studio Version 16
VisualStudioVersion = 16.0.31129.286
MinimumVisualStudioVersion = 10.0.40219.1
Project("{FAE04EC0-301F-11D3-BF4B-00C04F79EFBC}") = "TDDMicroExercises", "TDDMicroExercises.csproj", "{BBCF3C67-8E31-48E3-AD2E-8C605E2E07BE}"
EndProject
Project("{FAE04EC0-301F-11D3-BF4B-00C04F79EFBC}") = "TDDMicroExercises.Tests", "..\TDDMicroExercises.Tests\TDDMicroExercises.Tests.csproj", "{CC94B646-11A7-48C8-81C5-36A337E79C56}"
EndProject
Global
	GlobalSection(SolutionConfigurationPlatforms) = preSolution
		Debug|Any CPU = Debug|Any CPU
		Release|Any CPU = Release|Any CPU
	EndGlobalSection
	GlobalSection(ProjectConfigurationPlatforms) = postSolution
		{BBCF3C67-8E31-48E3-AD2E-8C605E2E07BE}.Debug|Any CPU.ActiveCfg = Debug|Any CPU
		{BBCF3C67-8E31-48E3-AD2E-8C605E2E07BE}.Debug|Any CPU.Build.0 = Debug|Any CPU
		{BBCF3C67-8E31-48E3-AD2E-8C605E2E07BE}.Release|Any CPU.ActiveCfg = Release|Any CPU
		{BBCF3C67-8E31-48E3-AD2E-8C605E2E07BE}.Release|Any CPU.Build.0 = Release|Any CPU
		{CC94B646-11A7-48C8-81C5-36A337E79C56}.Debug|Any CPU.ActiveCfg = Debug|Any CPU
		{CC94B646-11A7-48C8-81C5-36A337E79C56}.Debug|Any CPU.Build.0 = Debug|Any CPU
		{CC94B646-11A7-48C8-81C5-36A337E79C56}.Release|Any CPU.ActiveCfg = Release|Any CPU
		{CC94B646-11A7-48C8-81C5-36A337E79C56}.Release|Any CPU.Build.0 = Release|Any CPU
	EndGlobalSection
	GlobalSection(SolutionProperties) = preSolution
		HideSolutionNode = FALSE
	EndGlobalSection
	GlobalSection(ExtensibilityGlobals) = postSolution
		SolutionGuid = {92F526B7-B1B4-4A22-BCF8-3DEC838F8376}
	EndGlobalSection
EndGlobal
